
Microsoft Visual Studio Solution File, Format Version 12.00
# Visual Studio Version 17
VisualStudioVersion = 17.8.34322.80
MinimumVisualStudioVersion = 10.0.40219.1
Project("{FAE04EC0-301F-11D3-BF4B-00C04F79EFBC}") = "ConsoleApp4", "ConsoleApp4\ConsoleApp4.csproj", "{42D858D8-E31D-45AF-B2D9-5F2FD00BCC25}"
EndProject
Global
	GlobalSection(SolutionConfigurationPlatforms) = preSolution
		Debug|Any CPU = Debug|Any CPU
		Release|Any CPU = Release|Any CPU
	EndGlobalSection
	GlobalSection(ProjectConfigurationPlatforms) = postSolution
		{42D858D8-E31D-45AF-B2D9-5F2FD00BCC25}.Debug|Any CPU.ActiveCfg = Debug|Any CPU
		{42D858D8-E31D-45AF-B2D9-5F2FD00BCC25}.Debug|Any CPU.Build.0 = Debug|Any CPU
		{42D858D8-E31D-45AF-B2D9-5F2FD00BCC25}.Release|Any CPU.ActiveCfg = Release|Any CPU
		{42D858D8-E31D-45AF-B2D9-5F2FD00BCC25}.Release|Any CPU.Build.0 = Release|Any CPU
	EndGlobalSection
	GlobalSection(SolutionProperties) = preSolution
		HideSolutionNode = FALSE
	EndGlobalSection
	GlobalSection(ExtensibilityGlobals) = postSolution
		SolutionGuid = {6C4548B6-2E6E-436D-8D69-81372439169F}
	EndGlobalSection
EndGlobal
